
Microsoft Visual Studio Solution File, Format Version 12.00
# Visual Studio 15
Project("{FAE04EC0-301F-11D3-BF4B-00C04F79EFBC}") = "Assembly-CSharp", "Assembly-CSharp.csproj", "{616D5893-D17A-8006-0608-27E9CFA03527}"
EndProject
Project("{FAE04EC0-301F-11D3-BF4B-00C04F79EFBC}") = "Assembly-CSharp-Editor", "Assembly-CSharp-Editor.csproj", "{76AFB7EC-8185-F98D-DB6D-5643D1CCFB57}"
EndProject
Global
	GlobalSection(SolutionConfigurationPlatforms) = preSolution
		Debug|Any CPU = Debug|Any CPU
		Release|Any CPU = Release|Any CPU
	EndGlobalSection
	GlobalSection(ProjectConfigurationPlatforms) = postSolution
		{616D5893-D17A-8006-0608-27E9CFA03527}.Debug|Any CPU.ActiveCfg = Debug|Any CPU
		{616D5893-D17A-8006-0608-27E9CFA03527}.Debug|Any CPU.Build.0 = Debug|Any CPU
		{616D5893-D17A-8006-0608-27E9CFA03527}.Release|Any CPU.ActiveCfg = Release|Any CPU
		{616D5893-D17A-8006-0608-27E9CFA03527}.Release|Any CPU.Build.0 = Release|Any CPU
		{76AFB7EC-8185-F98D-DB6D-5643D1CCFB57}.Debug|Any CPU.ActiveCfg = Debug|Any CPU
		{76AFB7EC-8185-F98D-DB6D-5643D1CCFB57}.Debug|Any CPU.Build.0 = Debug|Any CPU
		{76AFB7EC-8185-F98D-DB6D-5643D1CCFB57}.Release|Any CPU.ActiveCfg = Release|Any CPU
		{76AFB7EC-8185-F98D-DB6D-5643D1CCFB57}.Release|Any CPU.Build.0 = Release|Any CPU
	EndGlobalSection
	GlobalSection(SolutionProperties) = preSolution
		HideSolutionNode = FALSE
	EndGlobalSection
EndGlobal
